
Microsoft Visual Studio Solution File, Format Version 12.00
# Visual Studio Version 17
VisualStudioVersion = 17.1.32210.238
MinimumVisualStudioVersion = 10.0.40219.1
Project("{FAE04EC0-301F-11D3-BF4B-00C04F79EFBC}") = "GymForms", "GymForms\GymForms.csproj", "{302B65B2-2F99-4C7C-BB98-84301ABE0E3A}"
EndProject
Project("{FAE04EC0-301F-11D3-BF4B-00C04F79EFBC}") = "GymBussinessLogic", "GymBussinessLogic\GymBussinessLogic.csproj", "{1C17E1DB-8022-48BD-A59B-59BAEA1847C8}"
EndProject
Project("{FAE04EC0-301F-11D3-BF4B-00C04F79EFBC}") = "GymData", "GymData\GymData.csproj", "{3A2C8A04-F7E0-4566-8427-9F4D6CFF11D3}"
EndProject
Project("{FAE04EC0-301F-11D3-BF4B-00C04F79EFBC}") = "GymAppService", "GymAppService\GymAppService.csproj", "{019F8579-B322-46D3-8A3F-90E488655018}"
EndProject
Project("{54435603-DBB4-11D2-8724-00A0C9A8B90C}") = "SetupGymApp", "SetupGymApp\SetupGymApp.vdproj", "{921BF547-067C-4B20-854F-B737C80203D8}"
EndProject
Global
	GlobalSection(SolutionConfigurationPlatforms) = preSolution
		Debug|Any CPU = Debug|Any CPU
		Release|Any CPU = Release|Any CPU
	EndGlobalSection
	GlobalSection(ProjectConfigurationPlatforms) = postSolution
		{302B65B2-2F99-4C7C-BB98-84301ABE0E3A}.Debug|Any CPU.ActiveCfg = Debug|Any CPU
		{302B65B2-2F99-4C7C-BB98-84301ABE0E3A}.Debug|Any CPU.Build.0 = Debug|Any CPU
		{302B65B2-2F99-4C7C-BB98-84301ABE0E3A}.Release|Any CPU.ActiveCfg = Release|Any CPU
		{302B65B2-2F99-4C7C-BB98-84301ABE0E3A}.Release|Any CPU.Build.0 = Release|Any CPU
		{1C17E1DB-8022-48BD-A59B-59BAEA1847C8}.Debug|Any CPU.ActiveCfg = Debug|Any CPU
		{1C17E1DB-8022-48BD-A59B-59BAEA1847C8}.Debug|Any CPU.Build.0 = Debug|Any CPU
		{1C17E1DB-8022-48BD-A59B-59BAEA1847C8}.Release|Any CPU.ActiveCfg = Release|Any CPU
		{1C17E1DB-8022-48BD-A59B-59BAEA1847C8}.Release|Any CPU.Build.0 = Release|Any CPU
		{3A2C8A04-F7E0-4566-8427-9F4D6CFF11D3}.Debug|Any CPU.ActiveCfg = Debug|Any CPU
		{3A2C8A04-F7E0-4566-8427-9F4D6CFF11D3}.Debug|Any CPU.Build.0 = Debug|Any CPU
		{3A2C8A04-F7E0-4566-8427-9F4D6CFF11D3}.Release|Any CPU.ActiveCfg = Release|Any CPU
		{3A2C8A04-F7E0-4566-8427-9F4D6CFF11D3}.Release|Any CPU.Build.0 = Release|Any CPU
		{019F8579-B322-46D3-8A3F-90E488655018}.Debug|Any CPU.ActiveCfg = Debug|Any CPU
		{019F8579-B322-46D3-8A3F-90E488655018}.Debug|Any CPU.Build.0 = Debug|Any CPU
		{019F8579-B322-46D3-8A3F-90E488655018}.Release|Any CPU.ActiveCfg = Release|Any CPU
		{019F8579-B322-46D3-8A3F-90E488655018}.Release|Any CPU.Build.0 = Release|Any CPU
		{921BF547-067C-4B20-854F-B737C80203D8}.Debug|Any CPU.ActiveCfg = Debug
		{921BF547-067C-4B20-854F-B737C80203D8}.Release|Any CPU.ActiveCfg = Release
	EndGlobalSection
	GlobalSection(SolutionProperties) = preSolution
		HideSolutionNode = FALSE
	EndGlobalSection
	GlobalSection(ExtensibilityGlobals) = postSolution
		SolutionGuid = {739D5774-F0B7-4E8B-ADB7-464162EF0167}
	EndGlobalSection
EndGlobal
